// !$*UTF8*$!
{
	archiveVersion = 1;
	classes = {
	};
	objectVersion = 55;
	objects = {

/* Begin PBXBuildFile section */
		5507A23B28BEF22C00CFEB0F /* EnglishTextViewController.swift in Sources */ = {isa = PBXBuildFile; fileRef = 5507A23A28BEF22C00CFEB0F /* EnglishTextViewController.swift */; };
		5507A23D28BF3B9600CFEB0F /* Launch Screen.storyboard in Resources */ = {isa = PBXBuildFile; fileRef = 5507A23C28BF3B9600CFEB0F /* Launch Screen.storyboard */; };
		55BC0B1B28BB8EFC00080335 /* SelectViewController.swift in Sources */ = {isa = PBXBuildFile; fileRef = 55BC0B1A28BB8EFC00080335 /* SelectViewController.swift */; };
		55BC0B1E28BB8FDB00080335 /* UIButton+Extension.swift in Sources */ = {isa = PBXBuildFile; fileRef = 55BC0B1D28BB8FDB00080335 /* UIButton+Extension.swift */; };
		55BD290B28B47FD200D96055 /* MLKitManager.swift in Sources */ = {isa = PBXBuildFile; fileRef = 55BD290A28B47FD200D96055 /* MLKitManager.swift */; };
		55C3651F28B45FD200F697F5 /* AppDelegate.swift in Sources */ = {isa = PBXBuildFile; fileRef = 55C3651E28B45FD200F697F5 /* AppDelegate.swift */; };
		55C3652128B45FD200F697F5 /* SceneDelegate.swift in Sources */ = {isa = PBXBuildFile; fileRef = 55C3652028B45FD200F697F5 /* SceneDelegate.swift */; };
		55C3652828B45FD300F697F5 /* Assets.xcassets in Resources */ = {isa = PBXBuildFile; fileRef = 55C3652728B45FD300F697F5 /* Assets.xcassets */; };
		55C3653328B469AB00F697F5 /* OpenAIManager.swift in Sources */ = {isa = PBXBuildFile; fileRef = 55C3653228B469AB00F697F5 /* OpenAIManager.swift */; };
		55C3653528B46AB400F697F5 /* KoreanTextViewController.swift in Sources */ = {isa = PBXBuildFile; fileRef = 55C3653428B46AB400F697F5 /* KoreanTextViewController.swift */; };
		5BD74CC6203832E0B10549F1 /* Pods_KoreanGPT.framework in Frameworks */ = {isa = PBXBuildFile; fileRef = 833667A9FB6D9AB21C21D477 /* Pods_KoreanGPT.framework */; };
/* End PBXBuildFile section */

/* Begin PBXFileReference section */
		295A0BF6E1D1FC94BFEB70B4 /* Pods-KoreanGPT.release.xcconfig */ = {isa = PBXFileReference; includeInIndex = 1; lastKnownFileType = text.xcconfig; name = "Pods-KoreanGPT.release.xcconfig"; path = "Target Support Files/Pods-KoreanGPT/Pods-KoreanGPT.release.xcconfig"; sourceTree = "<group>"; };
		5507A23A28BEF22C00CFEB0F /* EnglishTextViewController.swift */ = {isa = PBXFileReference; lastKnownFileType = sourcecode.swift; path = EnglishTextViewController.swift; sourceTree = "<group>"; };
		5507A23C28BF3B9600CFEB0F /* Launch Screen.storyboard */ = {isa = PBXFileReference; lastKnownFileType = file.storyboard; path = "Launch Screen.storyboard"; sourceTree = "<group>"; };
		55BC0B1A28BB8EFC00080335 /* SelectViewController.swift */ = {isa = PBXFileReference; lastKnownFileType = sourcecode.swift; path = SelectViewController.swift; sourceTree = "<group>"; };
		55BC0B1D28BB8FDB00080335 /* UIButton+Extension.swift */ = {isa = PBXFileReference; lastKnownFileType = sourcecode.swift; path = "UIButton+Extension.swift"; sourceTree = "<group>"; };
		55BD290A28B47FD200D96055 /* MLKitManager.swift */ = {isa = PBXFileReference; lastKnownFileType = sourcecode.swift; path = MLKitManager.swift; sourceTree = "<group>"; };
		55C3651B28B45FD200F697F5 /* KoreanGPT.app */ = {isa = PBXFileReference; explicitFileType = wrapper.application; includeInIndex = 0; path = KoreanGPT.app; sourceTree = BUILT_PRODUCTS_DIR; };
		55C3651E28B45FD200F697F5 /* AppDelegate.swift */ = {isa = PBXFileReference; lastKnownFileType = sourcecode.swift; path = AppDelegate.swift; sourceTree = "<group>"; };
		55C3652028B45FD200F697F5 /* SceneDelegate.swift */ = {isa = PBXFileReference; lastKnownFileType = sourcecode.swift; path = SceneDelegate.swift; sourceTree = "<group>"; };
		55C3652728B45FD300F697F5 /* Assets.xcassets */ = {isa = PBXFileReference; lastKnownFileType = folder.assetcatalog; path = Assets.xcassets; sourceTree = "<group>"; };
		55C3652C28B45FD300F697F5 /* Info.plist */ = {isa = PBXFileReference; lastKnownFileType = text.plist.xml; path = Info.plist; sourceTree = "<group>"; };
		55C3653228B469AB00F697F5 /* OpenAIManager.swift */ = {isa = PBXFileReference; lastKnownFileType = sourcecode.swift; path = OpenAIManager.swift; sourceTree = "<group>"; };
		55C3653428B46AB400F697F5 /* KoreanTextViewController.swift */ = {isa = PBXFileReference; lastKnownFileType = sourcecode.swift; path = KoreanTextViewController.swift; sourceTree = "<group>"; };
		5FA8F9B963FB803D3175452B /* Pods-KoreanGPT.debug.xcconfig */ = {isa = PBXFileReference; includeInIndex = 1; lastKnownFileType = text.xcconfig; name = "Pods-KoreanGPT.debug.xcconfig"; path = "Target Support Files/Pods-KoreanGPT/Pods-KoreanGPT.debug.xcconfig"; sourceTree = "<group>"; };
		833667A9FB6D9AB21C21D477 /* Pods_KoreanGPT.framework */ = {isa = PBXFileReference; explicitFileType = wrapper.framework; includeInIndex = 0; path = Pods_KoreanGPT.framework; sourceTree = BUILT_PRODUCTS_DIR; };
/* End PBXFileReference section */

/* Begin PBXFrameworksBuildPhase section */
		55C3651828B45FD200F697F5 /* Frameworks */ = {
			isa = PBXFrameworksBuildPhase;
			buildActionMask = 2147483647;
			files = (
				5BD74CC6203832E0B10549F1 /* Pods_KoreanGPT.framework in Frameworks */,
			);
			runOnlyForDeploymentPostprocessing = 0;
		};
/* End PBXFrameworksBuildPhase section */

/* Begin PBXGroup section */
		00C0FB5FB15C371A407CF31E /* Frameworks */ = {
			isa = PBXGroup;
			children = (
				833667A9FB6D9AB21C21D477 /* Pods_KoreanGPT.framework */,
			);
			name = Frameworks;
			sourceTree = "<group>";
		};
		123DB59E504097609E43B3A7 /* Pods */ = {
			isa = PBXGroup;
			children = (
				5FA8F9B963FB803D3175452B /* Pods-KoreanGPT.debug.xcconfig */,
				295A0BF6E1D1FC94BFEB70B4 /* Pods-KoreanGPT.release.xcconfig */,
			);
			path = Pods;
			sourceTree = "<group>";
		};
		55BC0B1C28BB8F7C00080335 /* Extension */ = {
			isa = PBXGroup;
			children = (
				55BC0B1D28BB8FDB00080335 /* UIButton+Extension.swift */,
			);
			path = Extension;
			sourceTree = "<group>";
		};
		55BD290928B47FB700D96055 /* Manager */ = {
			isa = PBXGroup;
			children = (
				55C3653228B469AB00F697F5 /* OpenAIManager.swift */,
				55BD290A28B47FD200D96055 /* MLKitManager.swift */,
			);
			path = Manager;
			sourceTree = "<group>";
		};
		55C3651228B45FD200F697F5 = {
			isa = PBXGroup;
			children = (
				55C3651D28B45FD200F697F5 /* KoreanGPT */,
				55C3651C28B45FD200F697F5 /* Products */,
				123DB59E504097609E43B3A7 /* Pods */,
				00C0FB5FB15C371A407CF31E /* Frameworks */,
			);
			sourceTree = "<group>";
		};
		55C3651C28B45FD200F697F5 /* Products */ = {
			isa = PBXGroup;
			children = (
				55C3651B28B45FD200F697F5 /* KoreanGPT.app */,
			);
			name = Products;
			sourceTree = "<group>";
		};
		55C3651D28B45FD200F697F5 /* KoreanGPT */ = {
			isa = PBXGroup;
			children = (
				55BD290928B47FB700D96055 /* Manager */,
				55C3653628B46AE800F697F5 /* ViewController */,
				55BC0B1C28BB8F7C00080335 /* Extension */,
				55C3651E28B45FD200F697F5 /* AppDelegate.swift */,
				55C3652028B45FD200F697F5 /* SceneDelegate.swift */,
				5507A23C28BF3B9600CFEB0F /* Launch Screen.storyboard */,
				55C3652728B45FD300F697F5 /* Assets.xcassets */,
				55C3652C28B45FD300F697F5 /* Info.plist */,
			);
			path = KoreanGPT;
			sourceTree = "<group>";
		};
		55C3653628B46AE800F697F5 /* ViewController */ = {
			isa = PBXGroup;
			children = (
				55BC0B1A28BB8EFC00080335 /* SelectViewController.swift */,
				55C3653428B46AB400F697F5 /* KoreanTextViewController.swift */,
				5507A23A28BEF22C00CFEB0F /* EnglishTextViewController.swift */,
			);
			path = ViewController;
			sourceTree = "<group>";
		};
/* End PBXGroup section */

/* Begin PBXNativeTarget section */
		55C3651A28B45FD200F697F5 /* KoreanGPT */ = {
			isa = PBXNativeTarget;
			buildConfigurationList = 55C3652F28B45FD300F697F5 /* Build configuration list for PBXNativeTarget "KoreanGPT" */;
			buildPhases = (
				A8F872ADDDCBB52FAD578DEA /* [CP] Check Pods Manifest.lock */,
				55C3651728B45FD200F697F5 /* Sources */,
				55C3651828B45FD200F697F5 /* Frameworks */,
				55C3651928B45FD200F697F5 /* Resources */,
				E1F223165C58648A0AB6C4E3 /* [CP] Embed Pods Frameworks */,
				3DC7628AC1616913DF0ECBD3 /* [CP] Copy Pods Resources */,
			);
			buildRules = (
			);
			dependencies = (
			);
			name = KoreanGPT;
			productName = KoreanGPT;
			productReference = 55C3651B28B45FD200F697F5 /* KoreanGPT.app */;
			productType = "com.apple.product-type.application";
		};
/* End PBXNativeTarget section */

/* Begin PBXProject section */
		55C3651328B45FD200F697F5 /* Project object */ = {
			isa = PBXProject;
			attributes = {
				BuildIndependentTargetsInParallel = 1;
				LastSwiftUpdateCheck = 1340;
				LastUpgradeCheck = 1340;
				TargetAttributes = {
					55C3651A28B45FD200F697F5 = {
						CreatedOnToolsVersion = 13.4.1;
					};
				};
			};
			buildConfigurationList = 55C3651628B45FD200F697F5 /* Build configuration list for PBXProject "KoreanGPT" */;
			compatibilityVersion = "Xcode 13.0";
			developmentRegion = en;
			hasScannedForEncodings = 0;
			knownRegions = (
				en,
				Base,
			);
			mainGroup = 55C3651228B45FD200F697F5;
			productRefGroup = 55C3651C28B45FD200F697F5 /* Products */;
			projectDirPath = "";
			projectRoot = "";
			targets = (
				55C3651A28B45FD200F697F5 /* KoreanGPT */,
			);
		};
/* End PBXProject section */

/* Begin PBXResourcesBuildPhase section */
		55C3651928B45FD200F697F5 /* Resources */ = {
			isa = PBXResourcesBuildPhase;
			buildActionMask = 2147483647;
			files = (
				5507A23D28BF3B9600CFEB0F /* Launch Screen.storyboard in Resources */,
				55C3652828B45FD300F697F5 /* Assets.xcassets in Resources */,
			);
			runOnlyForDeploymentPostprocessing = 0;
		};
/* End PBXResourcesBuildPhase section */

/* Begin PBXShellScriptBuildPhase section */
		3DC7628AC1616913DF0ECBD3 /* [CP] Copy Pods Resources */ = {
			isa = PBXShellScriptBuildPhase;
			buildActionMask = 2147483647;
			files = (
			);
			inputFileListPaths = (
				"${PODS_ROOT}/Target Support Files/Pods-KoreanGPT/Pods-KoreanGPT-resources-${CONFIGURATION}-input-files.xcfilelist",
			);
			name = "[CP] Copy Pods Resources";
			outputFileListPaths = (
				"${PODS_ROOT}/Target Support Files/Pods-KoreanGPT/Pods-KoreanGPT-resources-${CONFIGURATION}-output-files.xcfilelist",
			);
			runOnlyForDeploymentPostprocessing = 0;
			shellPath = /bin/sh;
			shellScript = "\"${PODS_ROOT}/Target Support Files/Pods-KoreanGPT/Pods-KoreanGPT-resources.sh\"\n";
			showEnvVarsInLog = 0;
		};
		A8F872ADDDCBB52FAD578DEA /* [CP] Check Pods Manifest.lock */ = {
			isa = PBXShellScriptBuildPhase;
			buildActionMask = 2147483647;
			files = (
			);
			inputFileListPaths = (
			);
			inputPaths = (
				"${PODS_PODFILE_DIR_PATH}/Podfile.lock",
				"${PODS_ROOT}/Manifest.lock",
			);
			name = "[CP] Check Pods Manifest.lock";
			outputFileListPaths = (
			);
			outputPaths = (
				"$(DERIVED_FILE_DIR)/Pods-KoreanGPT-checkManifestLockResult.txt",
			);
			runOnlyForDeploymentPostprocessing = 0;
			shellPath = /bin/sh;
			shellScript = "diff \"${PODS_PODFILE_DIR_PATH}/Podfile.lock\" \"${PODS_ROOT}/Manifest.lock\" > /dev/null\nif [ $? != 0 ] ; then\n    # print error to STDERR\n    echo \"error: The sandbox is not in sync with the Podfile.lock. Run 'pod install' or update your CocoaPods installation.\" >&2\n    exit 1\nfi\n# This output is used by Xcode 'outputs' to avoid re-running this script phase.\necho \"SUCCESS\" > \"${SCRIPT_OUTPUT_FILE_0}\"\n";
			showEnvVarsInLog = 0;
		};
		E1F223165C58648A0AB6C4E3 /* [CP] Embed Pods Frameworks */ = {
			isa = PBXShellScriptBuildPhase;
			buildActionMask = 2147483647;
			files = (
			);
			inputFileListPaths = (
				"${PODS_ROOT}/Target Support Files/Pods-KoreanGPT/Pods-KoreanGPT-frameworks-${CONFIGURATION}-input-files.xcfilelist",
			);
			name = "[CP] Embed Pods Frameworks";
			outputFileListPaths = (
				"${PODS_ROOT}/Target Support Files/Pods-KoreanGPT/Pods-KoreanGPT-frameworks-${CONFIGURATION}-output-files.xcfilelist",
			);
			runOnlyForDeploymentPostprocessing = 0;
			shellPath = /bin/sh;
			shellScript = "\"${PODS_ROOT}/Target Support Files/Pods-KoreanGPT/Pods-KoreanGPT-frameworks.sh\"\n";
			showEnvVarsInLog = 0;
		};
/* End PBXShellScriptBuildPhase section */

/* Begin PBXSourcesBuildPhase section */
		55C3651728B45FD200F697F5 /* Sources */ = {
			isa = PBXSourcesBuildPhase;
			buildActionMask = 2147483647;
			files = (
				5507A23B28BEF22C00CFEB0F /* EnglishTextViewController.swift in Sources */,
				55C3653328B469AB00F697F5 /* OpenAIManager.swift in Sources */,
				55C3651F28B45FD200F697F5 /* AppDelegate.swift in Sources */,
				55C3652128B45FD200F697F5 /* SceneDelegate.swift in Sources */,
				55C3653528B46AB400F697F5 /* KoreanTextViewController.swift in Sources */,
				55BC0B1B28BB8EFC00080335 /* SelectViewController.swift in Sources */,
				55BD290B28B47FD200D96055 /* MLKitManager.swift in Sources */,
				55BC0B1E28BB8FDB00080335 /* UIButton+Extension.swift in Sources */,
			);
			runOnlyForDeploymentPostprocessing = 0;
		};
/* End PBXSourcesBuildPhase section */

/* Begin XCBuildConfiguration section */
		55C3652D28B45FD300F697F5 /* Debug */ = {
			isa = XCBuildConfiguration;
			buildSettings = {
				ALWAYS_SEARCH_USER_PATHS = NO;
				CLANG_ANALYZER_NONNULL = YES;
				CLANG_ANALYZER_NUMBER_OBJECT_CONVERSION = YES_AGGRESSIVE;
				CLANG_CXX_LANGUAGE_STANDARD = "gnu++17";
				CLANG_ENABLE_MODULES = YES;
				CLANG_ENABLE_OBJC_ARC = YES;
				CLANG_ENABLE_OBJC_WEAK = YES;
				CLANG_WARN_BLOCK_CAPTURE_AUTORELEASING = YES;
				CLANG_WARN_BOOL_CONVERSION = YES;
				CLANG_WARN_COMMA = YES;
				CLANG_WARN_CONSTANT_CONVERSION = YES;
				CLANG_WARN_DEPRECATED_OBJC_IMPLEMENTATIONS = YES;
				CLANG_WARN_DIRECT_OBJC_ISA_USAGE = YES_ERROR;
				CLANG_WARN_DOCUMENTATION_COMMENTS = YES;
				CLANG_WARN_EMPTY_BODY = YES;
				CLANG_WARN_ENUM_CONVERSION = YES;
				CLANG_WARN_INFINITE_RECURSION = YES;
				CLANG_WARN_INT_CONVERSION = YES;
				CLANG_WARN_NON_LITERAL_NULL_CONVERSION = YES;
				CLANG_WARN_OBJC_IMPLICIT_RETAIN_SELF = YES;
				CLANG_WARN_OBJC_LITERAL_CONVERSION = YES;
				CLANG_WARN_OBJC_ROOT_CLASS = YES_ERROR;
				CLANG_WARN_QUOTED_INCLUDE_IN_FRAMEWORK_HEADER = YES;
				CLANG_WARN_RANGE_LOOP_ANALYSIS = YES;
				CLANG_WARN_STRICT_PROTOTYPES = YES;
				CLANG_WARN_SUSPICIOUS_MOVE = YES;
				CLANG_WARN_UNGUARDED_AVAILABILITY = YES_AGGRESSIVE;
				CLANG_WARN_UNREACHABLE_CODE = YES;
				CLANG_WARN__DUPLICATE_METHOD_MATCH = YES;
				COPY_PHASE_STRIP = NO;
				DEBUG_INFORMATION_FORMAT = dwarf;
				ENABLE_STRICT_OBJC_MSGSEND = YES;
				ENABLE_TESTABILITY = YES;
				GCC_C_LANGUAGE_STANDARD = gnu11;
				GCC_DYNAMIC_NO_PIC = NO;
				GCC_NO_COMMON_BLOCKS = YES;
				GCC_OPTIMIZATION_LEVEL = 0;
				GCC_PREPROCESSOR_DEFINITIONS = (
					"DEBUG=1",
					"$(inherited)",
				);
				GCC_WARN_64_TO_32_BIT_CONVERSION = YES;
				GCC_WARN_ABOUT_RETURN_TYPE = YES_ERROR;
				GCC_WARN_UNDECLARED_SELECTOR = YES;
				GCC_WARN_UNINITIALIZED_AUTOS = YES_AGGRESSIVE;
				GCC_WARN_UNUSED_FUNCTION = YES;
				GCC_WARN_UNUSED_VARIABLE = YES;
				IPHONEOS_DEPLOYMENT_TARGET = 15.5;
				MTL_ENABLE_DEBUG_INFO = INCLUDE_SOURCE;
				MTL_FAST_MATH = YES;
				ONLY_ACTIVE_ARCH = YES;
				PRODUCT_NAME = Textinit;
				SDKROOT = iphoneos;
				SWIFT_ACTIVE_COMPILATION_CONDITIONS = DEBUG;
				SWIFT_OPTIMIZATION_LEVEL = "-Onone";
			};
			name = Debug;
		};
		55C3652E28B45FD300F697F5 /* Release */ = {
			isa = XCBuildConfiguration;
			buildSettings = {
				ALWAYS_SEARCH_USER_PATHS = NO;
				CLANG_ANALYZER_NONNULL = YES;
				CLANG_ANALYZER_NUMBER_OBJECT_CONVERSION = YES_AGGRESSIVE;
				CLANG_CXX_LANGUAGE_STANDARD = "gnu++17";
				CLANG_ENABLE_MODULES = YES;
				CLANG_ENABLE_OBJC_ARC = YES;
				CLANG_ENABLE_OBJC_WEAK = YES;
				CLANG_WARN_BLOCK_CAPTURE_AUTORELEASING = YES;
				CLANG_WARN_BOOL_CONVERSION = YES;
				CLANG_WARN_COMMA = YES;
				CLANG_WARN_CONSTANT_CONVERSION = YES;
				CLANG_WARN_DEPRECATED_OBJC_IMPLEMENTATIONS = YES;
				CLANG_WARN_DIRECT_OBJC_ISA_USAGE = YES_ERROR;
				CLANG_WARN_DOCUMENTATION_COMMENTS = YES;
				CLANG_WARN_EMPTY_BODY = YES;
				CLANG_WARN_ENUM_CONVERSION = YES;
				CLANG_WARN_INFINITE_RECURSION = YES;
				CLANG_WARN_INT_CONVERSION = YES;
				CLANG_WARN_NON_LITERAL_NULL_CONVERSION = YES;
				CLANG_WARN_OBJC_IMPLICIT_RETAIN_SELF = YES;
				CLANG_WARN_OBJC_LITERAL_CONVERSION = YES;
				CLANG_WARN_OBJC_ROOT_CLASS = YES_ERROR;
				CLANG_WARN_QUOTED_INCLUDE_IN_FRAMEWORK_HEADER = YES;
				CLANG_WARN_RANGE_LOOP_ANALYSIS = YES;
				CLANG_WARN_STRICT_PROTOTYPES = YES;
				CLANG_WARN_SUSPICIOUS_MOVE = YES;
				CLANG_WARN_UNGUARDED_AVAILABILITY = YES_AGGRESSIVE;
				CLANG_WARN_UNREACHABLE_CODE = YES;
				CLANG_WARN__DUPLICATE_METHOD_MATCH = YES;
				COPY_PHASE_STRIP = NO;
				DEBUG_INFORMATION_FORMAT = "dwarf-with-dsym";
				ENABLE_NS_ASSERTIONS = NO;
				ENABLE_STRICT_OBJC_MSGSEND = YES;
				GCC_C_LANGUAGE_STANDARD = gnu11;
				GCC_NO_COMMON_BLOCKS = YES;
				GCC_WARN_64_TO_32_BIT_CONVERSION = YES;
				GCC_WARN_ABOUT_RETURN_TYPE = YES_ERROR;
				GCC_WARN_UNDECLARED_SELECTOR = YES;
				GCC_WARN_UNINITIALIZED_AUTOS = YES_AGGRESSIVE;
				GCC_WARN_UNUSED_FUNCTION = YES;
				GCC_WARN_UNUSED_VARIABLE = YES;
				IPHONEOS_DEPLOYMENT_TARGET = 15.5;
				MTL_ENABLE_DEBUG_INFO = NO;
				MTL_FAST_MATH = YES;
				PRODUCT_NAME = Textinit;
				SDKROOT = iphoneos;
				SWIFT_COMPILATION_MODE = wholemodule;
				SWIFT_OPTIMIZATION_LEVEL = "-O";
				VALIDATE_PRODUCT = YES;
			};
			name = Release;
		};
		55C3653028B45FD300F697F5 /* Debug */ = {
			isa = XCBuildConfiguration;
			baseConfigurationReference = 5FA8F9B963FB803D3175452B /* Pods-KoreanGPT.debug.xcconfig */;
			buildSettings = {
				ASSETCATALOG_COMPILER_APPICON_NAME = AppIcon;
				ASSETCATALOG_COMPILER_GLOBAL_ACCENT_COLOR_NAME = AccentColor;
				CODE_SIGN_STYLE = Automatic;
				CURRENT_PROJECT_VERSION = 1;
				DEVELOPMENT_TEAM = NHPUW6MZCU;
				GENERATE_INFOPLIST_FILE = YES;
				INFOPLIST_FILE = KoreanGPT/Info.plist;
				INFOPLIST_KEY_CFBundleDisplayName = Textinit;
				INFOPLIST_KEY_UIApplicationSupportsIndirectInputEvents = YES;
				INFOPLIST_KEY_UILaunchStoryboardName = LaunchScreen;
				INFOPLIST_KEY_UIMainStoryboardFile = "";
				INFOPLIST_KEY_UISupportedInterfaceOrientations_iPad = "UIInterfaceOrientationPortrait UIInterfaceOrientationPortraitUpsideDown UIInterfaceOrientationLandscapeLeft UIInterfaceOrientationLandscapeRight";
				INFOPLIST_KEY_UISupportedInterfaceOrientations_iPhone = "UIInterfaceOrientationPortrait UIInterfaceOrientationLandscapeLeft UIInterfaceOrientationLandscapeRight";
				LD_RUNPATH_SEARCH_PATHS = (
					"$(inherited)",
					"@executable_path/Frameworks",
				);
				MARKETING_VERSION = 1.0;
				PRODUCT_BUNDLE_IDENTIFIER = Colli.KoreanGPT;
				PRODUCT_NAME = "$(TARGET_NAME)";
				SWIFT_EMIT_LOC_STRINGS = YES;
				SWIFT_VERSION = 5.0;
				TARGETED_DEVICE_FAMILY = "1,2";
			};
			name = Debug;
		};
		55C3653128B45FD300F697F5 /* Release */ = {
			isa = XCBuildConfiguration;
			baseConfigurationReference = 295A0BF6E1D1FC94BFEB70B4 /* Pods-KoreanGPT.release.xcconfig */;
			buildSettings = {
				ASSETCATALOG_COMPILER_APPICON_NAME = AppIcon;
				ASSETCATALOG_COMPILER_GLOBAL_ACCENT_COLOR_NAME = AccentColor;
				CODE_SIGN_STYLE = Automatic;
				CURRENT_PROJECT_VERSION = 1;
				DEVELOPMENT_TEAM = NHPUW6MZCU;
				GENERATE_INFOPLIST_FILE = YES;
				INFOPLIST_FILE = KoreanGPT/Info.plist;
				INFOPLIST_KEY_CFBundleDisplayName = Textinit;
				INFOPLIST_KEY_UIApplicationSupportsIndirectInputEvents = YES;
				INFOPLIST_KEY_UILaunchStoryboardName = LaunchScreen;
				INFOPLIST_KEY_UIMainStoryboardFile = "";
				INFOPLIST_KEY_UISupportedInterfaceOrientations_iPad = "UIInterfaceOrientationPortrait UIInterfaceOrientationPortraitUpsideDown UIInterfaceOrientationLandscapeLeft UIInterfaceOrientationLandscapeRight";
				INFOPLIST_KEY_UISupportedInterfaceOrientations_iPhone = "UIInterfaceOrientationPortrait UIInterfaceOrientationLandscapeLeft UIInterfaceOrientationLandscapeRight";
				LD_RUNPATH_SEARCH_PATHS = (
					"$(inherited)",
					"@executable_path/Frameworks",
				);
				MARKETING_VERSION = 1.0;
				PRODUCT_BUNDLE_IDENTIFIER = Colli.KoreanGPT;
				PRODUCT_NAME = "$(TARGET_NAME)";
				SWIFT_EMIT_LOC_STRINGS = YES;
				SWIFT_VERSION = 5.0;
				TARGETED_DEVICE_FAMILY = "1,2";
			};
			name = Release;
		};
/* End XCBuildConfiguration section */

/* Begin XCConfigurationList section */
		55C3651628B45FD200F697F5 /* Build configuration list for PBXProject "KoreanGPT" */ = {
			isa = XCConfigurationList;
			buildConfigurations = (
				55C3652D28B45FD300F697F5 /* Debug */,
				55C3652E28B45FD300F697F5 /* Release */,
			);
			defaultConfigurationIsVisible = 0;
			defaultConfigurationName = Release;
		};
		55C3652F28B45FD300F697F5 /* Build configuration list for PBXNativeTarget "KoreanGPT" */ = {
			isa = XCConfigurationList;
			buildConfigurations = (
				55C3653028B45FD300F697F5 /* Debug */,
				55C3653128B45FD300F697F5 /* Release */,
			);
			defaultConfigurationIsVisible = 0;
			defaultConfigurationName = Release;
		};
/* End XCConfigurationList section */
	};
	rootObject = 55C3651328B45FD200F697F5 /* Project object */;
}
